// !$*UTF8*$!
{
	archiveVersion = 1;
	classes = {
	};
	objectVersion = 50;
	objects = {

/* Begin PBXBuildFile section */
		8F587E6723348B7F00BA2491 /* AppDelegate.swift in Sources */ = {isa = PBXBuildFile; fileRef = 8F587E6623348B7F00BA2491 /* AppDelegate.swift */; };
		8F587E6923348B7F00BA2491 /* ViewController.swift in Sources */ = {isa = PBXBuildFile; fileRef = 8F587E6823348B7F00BA2491 /* ViewController.swift */; };
		8F587E6C23348B7F00BA2491 /* Main.storyboard in Resources */ = {isa = PBXBuildFile; fileRef = 8F587E6A23348B7F00BA2491 /* Main.storyboard */; };
		8F587E6E23348B8000BA2491 /* Assets.xcassets in Resources */ = {isa = PBXBuildFile; fileRef = 8F587E6D23348B8000BA2491 /* Assets.xcassets */; };
		8F587E7123348B8000BA2491 /* LaunchScreen.storyboard in Resources */ = {isa = PBXBuildFile; fileRef = 8F587E6F23348B8000BA2491 /* LaunchScreen.storyboard */; };
		8F587E7C23348B8000BA2491 /* TechMonTests.swift in Sources */ = {isa = PBXBuildFile; fileRef = 8F587E7B23348B8000BA2491 /* TechMonTests.swift */; };
		8F587E8723348B8000BA2491 /* TechMonUITests.swift in Sources */ = {isa = PBXBuildFile; fileRef = 8F587E8623348B8000BA2491 /* TechMonUITests.swift */; };
		8F587EB023348BD700BA2491 /* lobby.png in Resources */ = {isa = PBXBuildFile; fileRef = 8F587E9723348BD700BA2491 /* lobby.png */; };
		8F587EB123348BD700BA2491 /* battlebg.png in Resources */ = {isa = PBXBuildFile; fileRef = 8F587E9823348BD700BA2491 /* battlebg.png */; };
		8F587EB223348BD700BA2491 /* bgimage.jpg in Resources */ = {isa = PBXBuildFile; fileRef = 8F587E9923348BD700BA2491 /* bgimage.jpg */; };
		8F587EB323348BD700BA2491 /* Icon in Resources */ = {isa = PBXBuildFile; fileRef = 8F587E9A23348BD700BA2491 /* Icon */; };
		8F587EB423348BD700BA2491 /* waku.png in Resources */ = {isa = PBXBuildFile; fileRef = 8F587E9B23348BD700BA2491 /* waku.png */; };
		8F587EB523348BD700BA2491 /* gold_button.png in Resources */ = {isa = PBXBuildFile; fileRef = 8F587E9C23348BD700BA2491 /* gold_button.png */; };
		8F587EB623348BD700BA2491 /* yusya.png in Resources */ = {isa = PBXBuildFile; fileRef = 8F587E9D23348BD700BA2491 /* yusya.png */; };
		8F587EB723348BD700BA2491 /* monster.png in Resources */ = {isa = PBXBuildFile; fileRef = 8F587E9E23348BD700BA2491 /* monster.png */; };
		8F587EB823348BD700BA2491 /* Icon in Resources */ = {isa = PBXBuildFile; fileRef = 8F587EA023348BD700BA2491 /* Icon */; };
		8F587EB923348BD700BA2491 /* TechMonManager.swift in Sources */ = {isa = PBXBuildFile; fileRef = 8F587EA123348BD700BA2491 /* TechMonManager.swift */; };
		8F587EBA23348BD700BA2491 /* Character.swift in Sources */ = {isa = PBXBuildFile; fileRef = 8F587EA223348BD700BA2491 /* Character.swift */; };
		8F587EBB23348BD700BA2491 /* SE_fanfare.mp3 in Resources */ = {isa = PBXBuildFile; fileRef = 8F587EA423348BD700BA2491 /* SE_fanfare.mp3 */; };
		8F587EBC23348BD700BA2491 /* BGM_battle001.mp3 in Resources */ = {isa = PBXBuildFile; fileRef = 8F587EA523348BD700BA2491 /* BGM_battle001.mp3 */; };
		8F587EBD23348BD700BA2491 /* Icon in Resources */ = {isa = PBXBuildFile; fileRef = 8F587EA623348BD700BA2491 /* Icon */; };
		8F587EBE23348BD700BA2491 /* SE_fire.mp3 in Resources */ = {isa = PBXBuildFile; fileRef = 8F587EA723348BD700BA2491 /* SE_fire.mp3 */; };
		8F587EBF23348BD700BA2491 /* SE_attack.mp3 in Resources */ = {isa = PBXBuildFile; fileRef = 8F587EA823348BD700BA2491 /* SE_attack.mp3 */; };
		8F587EC023348BD700BA2491 /* SE_gameover.mp3 in Resources */ = {isa = PBXBuildFile; fileRef = 8F587EA923348BD700BA2491 /* SE_gameover.mp3 */; };
		8F587EC123348BD700BA2491 /* SE_charge.mp3 in Resources */ = {isa = PBXBuildFile; fileRef = 8F587EAA23348BD700BA2491 /* SE_charge.mp3 */; };
		8F587EC223348BD700BA2491 /* lobby.mp3 in Resources */ = {isa = PBXBuildFile; fileRef = 8F587EAB23348BD700BA2491 /* lobby.mp3 */; };
		8F587EC323348BD700BA2491 /* Icon in Resources */ = {isa = PBXBuildFile; fileRef = 8F587EAD23348BD700BA2491 /* Icon */; };
		8F587EC423348BD700BA2491 /* misaki_gothic.ttf in Resources */ = {isa = PBXBuildFile; fileRef = 8F587EAE23348BD700BA2491 /* misaki_gothic.ttf */; };
		8F587EC6233494CC00BA2491 /* LobbyViewController.swift in Sources */ = {isa = PBXBuildFile; fileRef = 8F587EC5233494CC00BA2491 /* LobbyViewController.swift */; };
		8F587EC82334950300BA2491 /* BattleViewController.swift in Sources */ = {isa = PBXBuildFile; fileRef = 8F587EC72334950300BA2491 /* BattleViewController.swift */; };
/* End PBXBuildFile section */

/* Begin PBXContainerItemProxy section */
		8F587E7823348B8000BA2491 /* PBXContainerItemProxy */ = {
			isa = PBXContainerItemProxy;
			containerPortal = 8F587E5B23348B7F00BA2491 /* Project object */;
			proxyType = 1;
			remoteGlobalIDString = 8F587E6223348B7F00BA2491;
			remoteInfo = TechMon;
		};
		8F587E8323348B8000BA2491 /* PBXContainerItemProxy */ = {
			isa = PBXContainerItemProxy;
			containerPortal = 8F587E5B23348B7F00BA2491 /* Project object */;
			proxyType = 1;
			remoteGlobalIDString = 8F587E6223348B7F00BA2491;
			remoteInfo = TechMon;
		};
/* End PBXContainerItemProxy section */

/* Begin PBXFileReference section */
		8F587E6323348B7F00BA2491 /* TechMon.app */ = {isa = PBXFileReference; explicitFileType = wrapper.application; includeInIndex = 0; path = TechMon.app; sourceTree = BUILT_PRODUCTS_DIR; };
		8F587E6623348B7F00BA2491 /* AppDelegate.swift */ = {isa = PBXFileReference; lastKnownFileType = sourcecode.swift; path = AppDelegate.swift; sourceTree = "<group>"; };
		8F587E6823348B7F00BA2491 /* ViewController.swift */ = {isa = PBXFileReference; lastKnownFileType = sourcecode.swift; path = ViewController.swift; sourceTree = "<group>"; };
		8F587E6B23348B7F00BA2491 /* Base */ = {isa = PBXFileReference; lastKnownFileType = file.storyboard; name = Base; path = Base.lproj/Main.storyboard; sourceTree = "<group>"; };
		8F587E6D23348B8000BA2491 /* Assets.xcassets */ = {isa = PBXFileReference; lastKnownFileType = folder.assetcatalog; path = Assets.xcassets; sourceTree = "<group>"; };
		8F587E7023348B8000BA2491 /* Base */ = {isa = PBXFileReference; lastKnownFileType = file.storyboard; name = Base; path = Base.lproj/LaunchScreen.storyboard; sourceTree = "<group>"; };
		8F587E7223348B8000BA2491 /* Info.plist */ = {isa = PBXFileReference; lastKnownFileType = text.plist.xml; path = Info.plist; sourceTree = "<group>"; };
		8F587E7723348B8000BA2491 /* TechMonTests.xctest */ = {isa = PBXFileReference; explicitFileType = wrapper.cfbundle; includeInIndex = 0; path = TechMonTests.xctest; sourceTree = BUILT_PRODUCTS_DIR; };
		8F587E7B23348B8000BA2491 /* TechMonTests.swift */ = {isa = PBXFileReference; lastKnownFileType = sourcecode.swift; path = TechMonTests.swift; sourceTree = "<group>"; };
		8F587E7D23348B8000BA2491 /* Info.plist */ = {isa = PBXFileReference; lastKnownFileType = text.plist.xml; path = Info.plist; sourceTree = "<group>"; };
		8F587E8223348B8000BA2491 /* TechMonUITests.xctest */ = {isa = PBXFileReference; explicitFileType = wrapper.cfbundle; includeInIndex = 0; path = TechMonUITests.xctest; sourceTree = BUILT_PRODUCTS_DIR; };
		8F587E8623348B8000BA2491 /* TechMonUITests.swift */ = {isa = PBXFileReference; lastKnownFileType = sourcecode.swift; path = TechMonUITests.swift; sourceTree = "<group>"; };
		8F587E8823348B8100BA2491 /* Info.plist */ = {isa = PBXFileReference; lastKnownFileType = text.plist.xml; path = Info.plist; sourceTree = "<group>"; };
		8F587E9723348BD700BA2491 /* lobby.png */ = {isa = PBXFileReference; lastKnownFileType = image.png; path = lobby.png; sourceTree = "<group>"; };
		8F587E9823348BD700BA2491 /* battlebg.png */ = {isa = PBXFileReference; lastKnownFileType = image.png; path = battlebg.png; sourceTree = "<group>"; };
		8F587E9923348BD700BA2491 /* bgimage.jpg */ = {isa = PBXFileReference; lastKnownFileType = image.jpeg; path = bgimage.jpg; sourceTree = "<group>"; };
		8F587E9A23348BD700BA2491 /* Icon */ = {isa = PBXFileReference; fileEncoding = 4; lastKnownFileType = text; path = "Icon"; sourceTree = "<group>"; };
		8F587E9B23348BD700BA2491 /* waku.png */ = {isa = PBXFileReference; lastKnownFileType = image.png; path = waku.png; sourceTree = "<group>"; };
		8F587E9C23348BD700BA2491 /* gold_button.png */ = {isa = PBXFileReference; lastKnownFileType = image.png; path = gold_button.png; sourceTree = "<group>"; };
		8F587E9D23348BD700BA2491 /* yusya.png */ = {isa = PBXFileReference; lastKnownFileType = image.png; path = yusya.png; sourceTree = "<group>"; };
		8F587E9E23348BD700BA2491 /* monster.png */ = {isa = PBXFileReference; lastKnownFileType = image.png; path = monster.png; sourceTree = "<group>"; };
		8F587EA023348BD700BA2491 /* Icon */ = {isa = PBXFileReference; fileEncoding = 4; lastKnownFileType = text; path = "Icon"; sourceTree = "<group>"; };
		8F587EA123348BD700BA2491 /* TechMonManager.swift */ = {isa = PBXFileReference; fileEncoding = 4; lastKnownFileType = sourcecode.swift; path = TechMonManager.swift; sourceTree = "<group>"; };
		8F587EA223348BD700BA2491 /* Character.swift */ = {isa = PBXFileReference; fileEncoding = 4; lastKnownFileType = sourcecode.swift; path = Character.swift; sourceTree = "<group>"; };
		8F587EA423348BD700BA2491 /* SE_fanfare.mp3 */ = {isa = PBXFileReference; lastKnownFileType = audio.mp3; path = SE_fanfare.mp3; sourceTree = "<group>"; };
		8F587EA523348BD700BA2491 /* BGM_battle001.mp3 */ = {isa = PBXFileReference; lastKnownFileType = audio.mp3; path = BGM_battle001.mp3; sourceTree = "<group>"; };
		8F587EA623348BD700BA2491 /* Icon */ = {isa = PBXFileReference; fileEncoding = 4; lastKnownFileType = text; path = "Icon"; sourceTree = "<group>"; };
		8F587EA723348BD700BA2491 /* SE_fire.mp3 */ = {isa = PBXFileReference; lastKnownFileType = audio.mp3; path = SE_fire.mp3; sourceTree = "<group>"; };
		8F587EA823348BD700BA2491 /* SE_attack.mp3 */ = {isa = PBXFileReference; lastKnownFileType = audio.mp3; path = SE_attack.mp3; sourceTree = "<group>"; };
		8F587EA923348BD700BA2491 /* SE_gameover.mp3 */ = {isa = PBXFileReference; lastKnownFileType = audio.mp3; path = SE_gameover.mp3; sourceTree = "<group>"; };
		8F587EAA23348BD700BA2491 /* SE_charge.mp3 */ = {isa = PBXFileReference; lastKnownFileType = audio.mp3; path = SE_charge.mp3; sourceTree = "<group>"; };
		8F587EAB23348BD700BA2491 /* lobby.mp3 */ = {isa = PBXFileReference; lastKnownFileType = audio.mp3; path = lobby.mp3; sourceTree = "<group>"; };
		8F587EAD23348BD700BA2491 /* Icon */ = {isa = PBXFileReference; fileEncoding = 4; lastKnownFileType = text; path = "Icon"; sourceTree = "<group>"; };
		8F587EAE23348BD700BA2491 /* misaki_gothic.ttf */ = {isa = PBXFileReference; lastKnownFileType = file; path = misaki_gothic.ttf; sourceTree = "<group>"; };
		8F587EC5233494CC00BA2491 /* LobbyViewController.swift */ = {isa = PBXFileReference; lastKnownFileType = sourcecode.swift; path = LobbyViewController.swift; sourceTree = "<group>"; };
		8F587EC72334950300BA2491 /* BattleViewController.swift */ = {isa = PBXFileReference; lastKnownFileType = sourcecode.swift; path = BattleViewController.swift; sourceTree = "<group>"; };
/* End PBXFileReference section */

/* Begin PBXFrameworksBuildPhase section */
		8F587E6023348B7F00BA2491 /* Frameworks */ = {
			isa = PBXFrameworksBuildPhase;
			buildActionMask = 2147483647;
			files = (
			);
			runOnlyForDeploymentPostprocessing = 0;
		};
		8F587E7423348B8000BA2491 /* Frameworks */ = {
			isa = PBXFrameworksBuildPhase;
			buildActionMask = 2147483647;
			files = (
			);
			runOnlyForDeploymentPostprocessing = 0;
		};
		8F587E7F23348B8000BA2491 /* Frameworks */ = {
			isa = PBXFrameworksBuildPhase;
			buildActionMask = 2147483647;
			files = (
			);
			runOnlyForDeploymentPostprocessing = 0;
		};
/* End PBXFrameworksBuildPhase section */

/* Begin PBXGroup section */
		8F587E5A23348B7F00BA2491 = {
			isa = PBXGroup;
			children = (
				8F587E6523348B7F00BA2491 /* TechMon */,
				8F587E7A23348B8000BA2491 /* TechMonTests */,
				8F587E8523348B8000BA2491 /* TechMonUITests */,
				8F587E6423348B7F00BA2491 /* Products */,
			);
			sourceTree = "<group>";
		};
		8F587E6423348B7F00BA2491 /* Products */ = {
			isa = PBXGroup;
			children = (
				8F587E6323348B7F00BA2491 /* TechMon.app */,
				8F587E7723348B8000BA2491 /* TechMonTests.xctest */,
				8F587E8223348B8000BA2491 /* TechMonUITests.xctest */,
			);
			name = Products;
			sourceTree = "<group>";
		};
		8F587E6523348B7F00BA2491 /* TechMon */ = {
			isa = PBXGroup;
			children = (
				8F587E9423348BD700BA2491 /* TechMon_Resource */,
				8F587E6623348B7F00BA2491 /* AppDelegate.swift */,
				8F587E6823348B7F00BA2491 /* ViewController.swift */,
				8F587E6A23348B7F00BA2491 /* Main.storyboard */,
				8F587E6D23348B8000BA2491 /* Assets.xcassets */,
				8F587E6F23348B8000BA2491 /* LaunchScreen.storyboard */,
				8F587E7223348B8000BA2491 /* Info.plist */,
				8F587EC5233494CC00BA2491 /* LobbyViewController.swift */,
				8F587EC72334950300BA2491 /* BattleViewController.swift */,
			);
			path = TechMon;
			sourceTree = "<group>";
		};
		8F587E7A23348B8000BA2491 /* TechMonTests */ = {
			isa = PBXGroup;
			children = (
				8F587E7B23348B8000BA2491 /* TechMonTests.swift */,
				8F587E7D23348B8000BA2491 /* Info.plist */,
			);
			path = TechMonTests;
			sourceTree = "<group>";
		};
		8F587E8523348B8000BA2491 /* TechMonUITests */ = {
			isa = PBXGroup;
			children = (
				8F587E8623348B8000BA2491 /* TechMonUITests.swift */,
				8F587E8823348B8100BA2491 /* Info.plist */,
			);
			path = TechMonUITests;
			sourceTree = "<group>";
		};
		8F587E9423348BD700BA2491 /* TechMon_Resource */ = {
			isa = PBXGroup;
			children = (
				8F587E9623348BD700BA2491 /* Images */,
				8F587E9F23348BD700BA2491 /* Models */,
				8F587EA323348BD700BA2491 /* Sounds */,
				8F587EAC23348BD700BA2491 /* Fonts */,
			);
			path = TechMon_Resource;
			sourceTree = "<group>";
		};
		8F587E9623348BD700BA2491 /* Images */ = {
			isa = PBXGroup;
			children = (
				8F587E9723348BD700BA2491 /* lobby.png */,
				8F587E9823348BD700BA2491 /* battlebg.png */,
				8F587E9923348BD700BA2491 /* bgimage.jpg */,
				8F587E9A23348BD700BA2491 /* Icon */,
				8F587E9B23348BD700BA2491 /* waku.png */,
				8F587E9C23348BD700BA2491 /* gold_button.png */,
				8F587E9D23348BD700BA2491 /* yusya.png */,
				8F587E9E23348BD700BA2491 /* monster.png */,
			);
			path = Images;
			sourceTree = "<group>";
		};
		8F587E9F23348BD700BA2491 /* Models */ = {
			isa = PBXGroup;
			children = (
				8F587EA023348BD700BA2491 /* Icon */,
				8F587EA123348BD700BA2491 /* TechMonManager.swift */,
				8F587EA223348BD700BA2491 /* Character.swift */,
			);
			path = Models;
			sourceTree = "<group>";
		};
		8F587EA323348BD700BA2491 /* Sounds */ = {
			isa = PBXGroup;
			children = (
				8F587EA423348BD700BA2491 /* SE_fanfare.mp3 */,
				8F587EA523348BD700BA2491 /* BGM_battle001.mp3 */,
				8F587EA623348BD700BA2491 /* Icon */,
				8F587EA723348BD700BA2491 /* SE_fire.mp3 */,
				8F587EA823348BD700BA2491 /* SE_attack.mp3 */,
				8F587EA923348BD700BA2491 /* SE_gameover.mp3 */,
				8F587EAA23348BD700BA2491 /* SE_charge.mp3 */,
				8F587EAB23348BD700BA2491 /* lobby.mp3 */,
			);
			path = Sounds;
			sourceTree = "<group>";
		};
		8F587EAC23348BD700BA2491 /* Fonts */ = {
			isa = PBXGroup;
			children = (
				8F587EAD23348BD700BA2491 /* Icon */,
				8F587EAE23348BD700BA2491 /* misaki_gothic.ttf */,
			);
			path = Fonts;
			sourceTree = "<group>";
		};
/* End PBXGroup section */

/* Begin PBXNativeTarget section */
		8F587E6223348B7F00BA2491 /* TechMon */ = {
			isa = PBXNativeTarget;
			buildConfigurationList = 8F587E8B23348B8100BA2491 /* Build configuration list for PBXNativeTarget "TechMon" */;
			buildPhases = (
				8F587E5F23348B7F00BA2491 /* Sources */,
				8F587E6023348B7F00BA2491 /* Frameworks */,
				8F587E6123348B7F00BA2491 /* Resources */,
			);
			buildRules = (
			);
			dependencies = (
			);
			name = TechMon;
			productName = TechMon;
			productReference = 8F587E6323348B7F00BA2491 /* TechMon.app */;
			productType = "com.apple.product-type.application";
		};
		8F587E7623348B8000BA2491 /* TechMonTests */ = {
			isa = PBXNativeTarget;
			buildConfigurationList = 8F587E8E23348B8100BA2491 /* Build configuration list for PBXNativeTarget "TechMonTests" */;
			buildPhases = (
				8F587E7323348B8000BA2491 /* Sources */,
				8F587E7423348B8000BA2491 /* Frameworks */,
				8F587E7523348B8000BA2491 /* Resources */,
			);
			buildRules = (
			);
			dependencies = (
				8F587E7923348B8000BA2491 /* PBXTargetDependency */,
			);
			name = TechMonTests;
			productName = TechMonTests;
			productReference = 8F587E7723348B8000BA2491 /* TechMonTests.xctest */;
			productType = "com.apple.product-type.bundle.unit-test";
		};
		8F587E8123348B8000BA2491 /* TechMonUITests */ = {
			isa = PBXNativeTarget;
			buildConfigurationList = 8F587E9123348B8100BA2491 /* Build configuration list for PBXNativeTarget "TechMonUITests" */;
			buildPhases = (
				8F587E7E23348B8000BA2491 /* Sources */,
				8F587E7F23348B8000BA2491 /* Frameworks */,
				8F587E8023348B8000BA2491 /* Resources */,
			);
			buildRules = (
			);
			dependencies = (
				8F587E8423348B8000BA2491 /* PBXTargetDependency */,
			);
			name = TechMonUITests;
			productName = TechMonUITests;
			productReference = 8F587E8223348B8000BA2491 /* TechMonUITests.xctest */;
			productType = "com.apple.product-type.bundle.ui-testing";
		};
/* End PBXNativeTarget section */

/* Begin PBXProject section */
		8F587E5B23348B7F00BA2491 /* Project object */ = {
			isa = PBXProject;
			attributes = {
				LastSwiftUpdateCheck = 1030;
				LastUpgradeCheck = 1030;
				ORGANIZATIONNAME = kyamisuke;
				TargetAttributes = {
					8F587E6223348B7F00BA2491 = {
						CreatedOnToolsVersion = 10.3;
					};
					8F587E7623348B8000BA2491 = {
						CreatedOnToolsVersion = 10.3;
						TestTargetID = 8F587E6223348B7F00BA2491;
					};
					8F587E8123348B8000BA2491 = {
						CreatedOnToolsVersion = 10.3;
						TestTargetID = 8F587E6223348B7F00BA2491;
					};
				};
			};
			buildConfigurationList = 8F587E5E23348B7F00BA2491 /* Build configuration list for PBXProject "TechMon" */;
			compatibilityVersion = "Xcode 9.3";
			developmentRegion = en;
			hasScannedForEncodings = 0;
			knownRegions = (
				en,
				Base,
			);
			mainGroup = 8F587E5A23348B7F00BA2491;
			productRefGroup = 8F587E6423348B7F00BA2491 /* Products */;
			projectDirPath = "";
			projectRoot = "";
			targets = (
				8F587E6223348B7F00BA2491 /* TechMon */,
				8F587E7623348B8000BA2491 /* TechMonTests */,
				8F587E8123348B8000BA2491 /* TechMonUITests */,
			);
		};
/* End PBXProject section */

/* Begin PBXResourcesBuildPhase section */
		8F587E6123348B7F00BA2491 /* Resources */ = {
			isa = PBXResourcesBuildPhase;
			buildActionMask = 2147483647;
			files = (
				8F587EC123348BD700BA2491 /* SE_charge.mp3 in Resources */,
				8F587EC223348BD700BA2491 /* lobby.mp3 in Resources */,
				8F587EB223348BD700BA2491 /* bgimage.jpg in Resources */,
				8F587E7123348B8000BA2491 /* LaunchScreen.storyboard in Resources */,
				8F587EB723348BD700BA2491 /* monster.png in Resources */,
				8F587EBC23348BD700BA2491 /* BGM_battle001.mp3 in Resources */,
				8F587EB423348BD700BA2491 /* waku.png in Resources */,
				8F587EB823348BD700BA2491 /* Icon in Resources */,
				8F587EC423348BD700BA2491 /* misaki_gothic.ttf in Resources */,
				8F587EBE23348BD700BA2491 /* SE_fire.mp3 in Resources */,
				8F587EB523348BD700BA2491 /* gold_button.png in Resources */,
				8F587EBB23348BD700BA2491 /* SE_fanfare.mp3 in Resources */,
				8F587EC323348BD700BA2491 /* Icon in Resources */,
				8F587E6E23348B8000BA2491 /* Assets.xcassets in Resources */,
				8F587EB623348BD700BA2491 /* yusya.png in Resources */,
				8F587EB323348BD700BA2491 /* Icon in Resources */,
				8F587EBD23348BD700BA2491 /* Icon in Resources */,
				8F587E6C23348B7F00BA2491 /* Main.storyboard in Resources */,
				8F587EBF23348BD700BA2491 /* SE_attack.mp3 in Resources */,
				8F587EB123348BD700BA2491 /* battlebg.png in Resources */,
				8F587EC023348BD700BA2491 /* SE_gameover.mp3 in Resources */,
				8F587EB023348BD700BA2491 /* lobby.png in Resources */,
			);
			runOnlyForDeploymentPostprocessing = 0;
		};
		8F587E7523348B8000BA2491 /* Resources */ = {
			isa = PBXResourcesBuildPhase;
			buildActionMask = 2147483647;
			files = (
			);
			runOnlyForDeploymentPostprocessing = 0;
		};
		8F587E8023348B8000BA2491 /* Resources */ = {
			isa = PBXResourcesBuildPhase;
			buildActionMask = 2147483647;
			files = (
			);
			runOnlyForDeploymentPostprocessing = 0;
		};
/* End PBXResourcesBuildPhase section */

/* Begin PBXSourcesBuildPhase section */
		8F587E5F23348B7F00BA2491 /* Sources */ = {
			isa = PBXSourcesBuildPhase;
			buildActionMask = 2147483647;
			files = (
				8F587EC82334950300BA2491 /* BattleViewController.swift in Sources */,
				8F587EB923348BD700BA2491 /* TechMonManager.swift in Sources */,
				8F587EC6233494CC00BA2491 /* LobbyViewController.swift in Sources */,
				8F587E6923348B7F00BA2491 /* ViewController.swift in Sources */,
				8F587E6723348B7F00BA2491 /* AppDelegate.swift in Sources */,
				8F587EBA23348BD700BA2491 /* Character.swift in Sources */,
			);
			runOnlyForDeploymentPostprocessing = 0;
		};
		8F587E7323348B8000BA2491 /* Sources */ = {
			isa = PBXSourcesBuildPhase;
			buildActionMask = 2147483647;
			files = (
				8F587E7C23348B8000BA2491 /* TechMonTests.swift in Sources */,
			);
			runOnlyForDeploymentPostprocessing = 0;
		};
		8F587E7E23348B8000BA2491 /* Sources */ = {
			isa = PBXSourcesBuildPhase;
			buildActionMask = 2147483647;
			files = (
				8F587E8723348B8000BA2491 /* TechMonUITests.swift in Sources */,
			);
			runOnlyForDeploymentPostprocessing = 0;
		};
/* End PBXSourcesBuildPhase section */

/* Begin PBXTargetDependency section */
		8F587E7923348B8000BA2491 /* PBXTargetDependency */ = {
			isa = PBXTargetDependency;
			target = 8F587E6223348B7F00BA2491 /* TechMon */;
			targetProxy = 8F587E7823348B8000BA2491 /* PBXContainerItemProxy */;
		};
		8F587E8423348B8000BA2491 /* PBXTargetDependency */ = {
			isa = PBXTargetDependency;
			target = 8F587E6223348B7F00BA2491 /* TechMon */;
			targetProxy = 8F587E8323348B8000BA2491 /* PBXContainerItemProxy */;
		};
/* End PBXTargetDependency section */

/* Begin PBXVariantGroup section */
		8F587E6A23348B7F00BA2491 /* Main.storyboard */ = {
			isa = PBXVariantGroup;
			children = (
				8F587E6B23348B7F00BA2491 /* Base */,
			);
			name = Main.storyboard;
			sourceTree = "<group>";
		};
		8F587E6F23348B8000BA2491 /* LaunchScreen.storyboard */ = {
			isa = PBXVariantGroup;
			children = (
				8F587E7023348B8000BA2491 /* Base */,
			);
			name = LaunchScreen.storyboard;
			sourceTree = "<group>";
		};
/* End PBXVariantGroup section */

/* Begin XCBuildConfiguration section */
		8F587E8923348B8100BA2491 /* Debug */ = {
			isa = XCBuildConfiguration;
			buildSettings = {
				ALWAYS_SEARCH_USER_PATHS = NO;
				CLANG_ANALYZER_NONNULL = YES;
				CLANG_ANALYZER_NUMBER_OBJECT_CONVERSION = YES_AGGRESSIVE;
				CLANG_CXX_LANGUAGE_STANDARD = "gnu++14";
				CLANG_CXX_LIBRARY = "libc++";
				CLANG_ENABLE_MODULES = YES;
				CLANG_ENABLE_OBJC_ARC = YES;
				CLANG_ENABLE_OBJC_WEAK = YES;
				CLANG_WARN_BLOCK_CAPTURE_AUTORELEASING = YES;
				CLANG_WARN_BOOL_CONVERSION = YES;
				CLANG_WARN_COMMA = YES;
				CLANG_WARN_CONSTANT_CONVERSION = YES;
				CLANG_WARN_DEPRECATED_OBJC_IMPLEMENTATIONS = YES;
				CLANG_WARN_DIRECT_OBJC_ISA_USAGE = YES_ERROR;
				CLANG_WARN_DOCUMENTATION_COMMENTS = YES;
				CLANG_WARN_EMPTY_BODY = YES;
				CLANG_WARN_ENUM_CONVERSION = YES;
				CLANG_WARN_INFINITE_RECURSION = YES;
				CLANG_WARN_INT_CONVERSION = YES;
				CLANG_WARN_NON_LITERAL_NULL_CONVERSION = YES;
				CLANG_WARN_OBJC_IMPLICIT_RETAIN_SELF = YES;
				CLANG_WARN_OBJC_LITERAL_CONVERSION = YES;
				CLANG_WARN_OBJC_ROOT_CLASS = YES_ERROR;
				CLANG_WARN_RANGE_LOOP_ANALYSIS = YES;
				CLANG_WARN_STRICT_PROTOTYPES = YES;
				CLANG_WARN_SUSPICIOUS_MOVE = YES;
				CLANG_WARN_UNGUARDED_AVAILABILITY = YES_AGGRESSIVE;
				CLANG_WARN_UNREACHABLE_CODE = YES;
				CLANG_WARN__DUPLICATE_METHOD_MATCH = YES;
				CODE_SIGN_IDENTITY = "iPhone Developer";
				COPY_PHASE_STRIP = NO;
				DEBUG_INFORMATION_FORMAT = dwarf;
				ENABLE_STRICT_OBJC_MSGSEND = YES;
				ENABLE_TESTABILITY = YES;
				GCC_C_LANGUAGE_STANDARD = gnu11;
				GCC_DYNAMIC_NO_PIC = NO;
				GCC_NO_COMMON_BLOCKS = YES;
				GCC_OPTIMIZATION_LEVEL = 0;
				GCC_PREPROCESSOR_DEFINITIONS = (
					"DEBUG=1",
					"$(inherited)",
				);
				GCC_WARN_64_TO_32_BIT_CONVERSION = YES;
				GCC_WARN_ABOUT_RETURN_TYPE = YES_ERROR;
				GCC_WARN_UNDECLARED_SELECTOR = YES;
				GCC_WARN_UNINITIALIZED_AUTOS = YES_AGGRESSIVE;
				GCC_WARN_UNUSED_FUNCTION = YES;
				GCC_WARN_UNUSED_VARIABLE = YES;
				IPHONEOS_DEPLOYMENT_TARGET = 12.4;
				MTL_ENABLE_DEBUG_INFO = INCLUDE_SOURCE;
				MTL_FAST_MATH = YES;
				ONLY_ACTIVE_ARCH = YES;
				SDKROOT = iphoneos;
				SWIFT_ACTIVE_COMPILATION_CONDITIONS = DEBUG;
				SWIFT_OPTIMIZATION_LEVEL = "-Onone";
			};
			name = Debug;
		};
		8F587E8A23348B8100BA2491 /* Release */ = {
			isa = XCBuildConfiguration;
			buildSettings = {
				ALWAYS_SEARCH_USER_PATHS = NO;
				CLANG_ANALYZER_NONNULL = YES;
				CLANG_ANALYZER_NUMBER_OBJECT_CONVERSION = YES_AGGRESSIVE;
				CLANG_CXX_LANGUAGE_STANDARD = "gnu++14";
				CLANG_CXX_LIBRARY = "libc++";
				CLANG_ENABLE_MODULES = YES;
				CLANG_ENABLE_OBJC_ARC = YES;
				CLANG_ENABLE_OBJC_WEAK = YES;
				CLANG_WARN_BLOCK_CAPTURE_AUTORELEASING = YES;
				CLANG_WARN_BOOL_CONVERSION = YES;
				CLANG_WARN_COMMA = YES;
				CLANG_WARN_CONSTANT_CONVERSION = YES;
				CLANG_WARN_DEPRECATED_OBJC_IMPLEMENTATIONS = YES;
				CLANG_WARN_DIRECT_OBJC_ISA_USAGE = YES_ERROR;
				CLANG_WARN_DOCUMENTATION_COMMENTS = YES;
				CLANG_WARN_EMPTY_BODY = YES;
				CLANG_WARN_ENUM_CONVERSION = YES;
				CLANG_WARN_INFINITE_RECURSION = YES;
				CLANG_WARN_INT_CONVERSION = YES;
				CLANG_WARN_NON_LITERAL_NULL_CONVERSION = YES;
				CLANG_WARN_OBJC_IMPLICIT_RETAIN_SELF = YES;
				CLANG_WARN_OBJC_LITERAL_CONVERSION = YES;
				CLANG_WARN_OBJC_ROOT_CLASS = YES_ERROR;
				CLANG_WARN_RANGE_LOOP_ANALYSIS = YES;
				CLANG_WARN_STRICT_PROTOTYPES = YES;
				CLANG_WARN_SUSPICIOUS_MOVE = YES;
				CLANG_WARN_UNGUARDED_AVAILABILITY = YES_AGGRESSIVE;
				CLANG_WARN_UNREACHABLE_CODE = YES;
				CLANG_WARN__DUPLICATE_METHOD_MATCH = YES;
				CODE_SIGN_IDENTITY = "iPhone Developer";
				COPY_PHASE_STRIP = NO;
				DEBUG_INFORMATION_FORMAT = "dwarf-with-dsym";
				ENABLE_NS_ASSERTIONS = NO;
				ENABLE_STRICT_OBJC_MSGSEND = YES;
				GCC_C_LANGUAGE_STANDARD = gnu11;
				GCC_NO_COMMON_BLOCKS = YES;
				GCC_WARN_64_TO_32_BIT_CONVERSION = YES;
				GCC_WARN_ABOUT_RETURN_TYPE = YES_ERROR;
				GCC_WARN_UNDECLARED_SELECTOR = YES;
				GCC_WARN_UNINITIALIZED_AUTOS = YES_AGGRESSIVE;
				GCC_WARN_UNUSED_FUNCTION = YES;
				GCC_WARN_UNUSED_VARIABLE = YES;
				IPHONEOS_DEPLOYMENT_TARGET = 12.4;
				MTL_ENABLE_DEBUG_INFO = NO;
				MTL_FAST_MATH = YES;
				SDKROOT = iphoneos;
				SWIFT_COMPILATION_MODE = wholemodule;
				SWIFT_OPTIMIZATION_LEVEL = "-O";
				VALIDATE_PRODUCT = YES;
			};
			name = Release;
		};
		8F587E8C23348B8100BA2491 /* Debug */ = {
			isa = XCBuildConfiguration;
			buildSettings = {
				ASSETCATALOG_COMPILER_APPICON_NAME = AppIcon;
				CODE_SIGN_STYLE = Automatic;
				INFOPLIST_FILE = TechMon/Info.plist;
				LD_RUNPATH_SEARCH_PATHS = (
					"$(inherited)",
					"@executable_path/Frameworks",
				);
				PRODUCT_BUNDLE_IDENTIFIER = kyamisuke.TechMon;
				PRODUCT_NAME = "$(TARGET_NAME)";
				SWIFT_VERSION = 5.0;
				TARGETED_DEVICE_FAMILY = "1,2";
			};
			name = Debug;
		};
		8F587E8D23348B8100BA2491 /* Release */ = {
			isa = XCBuildConfiguration;
			buildSettings = {
				ASSETCATALOG_COMPILER_APPICON_NAME = AppIcon;
				CODE_SIGN_STYLE = Automatic;
				INFOPLIST_FILE = TechMon/Info.plist;
				LD_RUNPATH_SEARCH_PATHS = (
					"$(inherited)",
					"@executable_path/Frameworks",
				);
				PRODUCT_BUNDLE_IDENTIFIER = kyamisuke.TechMon;
				PRODUCT_NAME = "$(TARGET_NAME)";
				SWIFT_VERSION = 5.0;
				TARGETED_DEVICE_FAMILY = "1,2";
			};
			name = Release;
		};
		8F587E8F23348B8100BA2491 /* Debug */ = {
			isa = XCBuildConfiguration;
			buildSettings = {
				ALWAYS_EMBED_SWIFT_STANDARD_LIBRARIES = YES;
				BUNDLE_LOADER = "$(TEST_HOST)";
				CODE_SIGN_STYLE = Automatic;
				INFOPLIST_FILE = TechMonTests/Info.plist;
				LD_RUNPATH_SEARCH_PATHS = (
					"$(inherited)",
					"@executable_path/Frameworks",
					"@loader_path/Frameworks",
				);
				PRODUCT_BUNDLE_IDENTIFIER = kyamisuke.TechMonTests;
				PRODUCT_NAME = "$(TARGET_NAME)";
				SWIFT_VERSION = 5.0;
				TARGETED_DEVICE_FAMILY = "1,2";
				TEST_HOST = "$(BUILT_PRODUCTS_DIR)/TechMon.app/TechMon";
			};
			name = Debug;
		};
		8F587E9023348B8100BA2491 /* Release */ = {
			isa = XCBuildConfiguration;
			buildSettings = {
				ALWAYS_EMBED_SWIFT_STANDARD_LIBRARIES = YES;
				BUNDLE_LOADER = "$(TEST_HOST)";
				CODE_SIGN_STYLE = Automatic;
				INFOPLIST_FILE = TechMonTests/Info.plist;
				LD_RUNPATH_SEARCH_PATHS = (
					"$(inherited)",
					"@executable_path/Frameworks",
					"@loader_path/Frameworks",
				);
				PRODUCT_BUNDLE_IDENTIFIER = kyamisuke.TechMonTests;
				PRODUCT_NAME = "$(TARGET_NAME)";
				SWIFT_VERSION = 5.0;
				TARGETED_DEVICE_FAMILY = "1,2";
				TEST_HOST = "$(BUILT_PRODUCTS_DIR)/TechMon.app/TechMon";
			};
			name = Release;
		};
		8F587E9223348B8100BA2491 /* Debug */ = {
			isa = XCBuildConfiguration;
			buildSettings = {
				ALWAYS_EMBED_SWIFT_STANDARD_LIBRARIES = YES;
				CODE_SIGN_STYLE = Automatic;
				INFOPLIST_FILE = TechMonUITests/Info.plist;
				LD_RUNPATH_SEARCH_PATHS = (
					"$(inherited)",
					"@executable_path/Frameworks",
					"@loader_path/Frameworks",
				);
				PRODUCT_BUNDLE_IDENTIFIER = kyamisuke.TechMonUITests;
				PRODUCT_NAME = "$(TARGET_NAME)";
				SWIFT_VERSION = 5.0;
				TARGETED_DEVICE_FAMILY = "1,2";
				TEST_TARGET_NAME = TechMon;
			};
			name = Debug;
		};
		8F587E9323348B8100BA2491 /* Release */ = {
			isa = XCBuildConfiguration;
			buildSettings = {
				ALWAYS_EMBED_SWIFT_STANDARD_LIBRARIES = YES;
				CODE_SIGN_STYLE = Automatic;
				INFOPLIST_FILE = TechMonUITests/Info.plist;
				LD_RUNPATH_SEARCH_PATHS = (
					"$(inherited)",
					"@executable_path/Frameworks",
					"@loader_path/Frameworks",
				);
				PRODUCT_BUNDLE_IDENTIFIER = kyamisuke.TechMonUITests;
				PRODUCT_NAME = "$(TARGET_NAME)";
				SWIFT_VERSION = 5.0;
				TARGETED_DEVICE_FAMILY = "1,2";
				TEST_TARGET_NAME = TechMon;
			};
			name = Release;
		};
/* End XCBuildConfiguration section */

/* Begin XCConfigurationList section */
		8F587E5E23348B7F00BA2491 /* Build configuration list for PBXProject "TechMon" */ = {
			isa = XCConfigurationList;
			buildConfigurations = (
				8F587E8923348B8100BA2491 /* Debug */,
				8F587E8A23348B8100BA2491 /* Release */,
			);
			defaultConfigurationIsVisible = 0;
			defaultConfigurationName = Release;
		};
		8F587E8B23348B8100BA2491 /* Build configuration list for PBXNativeTarget "TechMon" */ = {
			isa = XCConfigurationList;
			buildConfigurations = (
				8F587E8C23348B8100BA2491 /* Debug */,
				8F587E8D23348B8100BA2491 /* Release */,
			);
			defaultConfigurationIsVisible = 0;
			defaultConfigurationName = Release;
		};
		8F587E8E23348B8100BA2491 /* Build configuration list for PBXNativeTarget "TechMonTests" */ = {
			isa = XCConfigurationList;
			buildConfigurations = (
				8F587E8F23348B8100BA2491 /* Debug */,
				8F587E9023348B8100BA2491 /* Release */,
			);
			defaultConfigurationIsVisible = 0;
			defaultConfigurationName = Release;
		};
		8F587E9123348B8100BA2491 /* Build configuration list for PBXNativeTarget "TechMonUITests" */ = {
			isa = XCConfigurationList;
			buildConfigurations = (
				8F587E9223348B8100BA2491 /* Debug */,
				8F587E9323348B8100BA2491 /* Release */,
			);
			defaultConfigurationIsVisible = 0;
			defaultConfigurationName = Release;
		};
/* End XCConfigurationList section */
	};
	rootObject = 8F587E5B23348B7F00BA2491 /* Project object */;
}
